
Microsoft Visual Studio Solution File, Format Version 12.00
# Visual Studio Version 17
VisualStudioVersion = 17.2.32630.192
MinimumVisualStudioVersion = 10.0.40219.1
Project("{8BC9CEB8-8B4A-11D0-8D11-00A0C91BC942}") = "tsplay", "TSplay.vcxproj", "{76E34A05-A9B9-47A5-8C42-3897AA59DE02}"
	ProjectSection(ProjectDependencies) = postProject
		{DD16E11D-8F19-4105-856E-A9E353B9F470} = {DD16E11D-8F19-4105-856E-A9E353B9F470}
	EndProjectSection
EndProject
Project("{2150E333-8FDC-42A3-9474-1A3956D46DE8}") = "Solution Items", "Solution Items", "{19C7DC4A-1896-44F2-83B0-128E8C5A108F}"
	ProjectSection(SolutionItems) = preProject
		..\..\Makefile.w32 = ..\..\Makefile.w32
	EndProjectSection
EndProject
Project("{8BC9CEB8-8B4A-11D0-8D11-00A0C91BC942}") = "libtstools", "libtstools.vcxproj", "{DD16E11D-8F19-4105-856E-A9E353B9F470}"
EndProject
Project("{8BC9CEB8-8B4A-11D0-8D11-00A0C91BC942}") = "es2ts", "es2ts.vcxproj", "{0170B89B-7F2D-4628-A735-4DD8F74CEE81}"
EndProject
Project("{8BC9CEB8-8B4A-11D0-8D11-00A0C91BC942}") = "esdots", "esdots.vcxproj", "{3E2A9D16-709E-43B6-9669-71A04AD1FDED}"
EndProject
Project("{8BC9CEB8-8B4A-11D0-8D11-00A0C91BC942}") = "esfilter", "esfilter.vcxproj", "{2D0C712F-44CC-4EFA-A7C3-12AC98543290}"
EndProject
Project("{8BC9CEB8-8B4A-11D0-8D11-00A0C91BC942}") = "all", "all.vcxproj", "{2A092936-0E55-4B07-966A-869524CBAA87}"
EndProject
Project("{8BC9CEB8-8B4A-11D0-8D11-00A0C91BC942}") = "esmerge", "esmerge.vcxproj", "{D6691C08-2BDE-47B1-A9A1-4435C153153A}"
EndProject
Project("{8BC9CEB8-8B4A-11D0-8D11-00A0C91BC942}") = "esreport", "esreport.vcxproj", "{750F4C8E-D9A4-4E11-B35B-68DF2D2F57B3}"
EndProject
Project("{8BC9CEB8-8B4A-11D0-8D11-00A0C91BC942}") = "esreverse", "esreverse.vcxproj", "{254F9440-F27F-4E4E-9690-26C600C28FA4}"
EndProject
Project("{8BC9CEB8-8B4A-11D0-8D11-00A0C91BC942}") = "m2ts2ts", "m2ts2ts.vcxproj", "{A3EA3773-E471-43BE-8FBA-29781C6BB031}"
EndProject
Project("{8BC9CEB8-8B4A-11D0-8D11-00A0C91BC942}") = "pcapreport", "pcapreport.vcxproj", "{20E86EA5-A6DD-4B9A-AE68-7B72AD32000F}"
EndProject
Project("{8BC9CEB8-8B4A-11D0-8D11-00A0C91BC942}") = "ps2ts", "ps2ts.vcxproj", "{959D8DC0-0BE2-4944-A96C-075B0C1ED30A}"
EndProject
Project("{8BC9CEB8-8B4A-11D0-8D11-00A0C91BC942}") = "psdots", "psdots.vcxproj", "{375212CE-13E8-4807-BD48-51AAC683535E}"
EndProject
Project("{8BC9CEB8-8B4A-11D0-8D11-00A0C91BC942}") = "psreport", "psreport.vcxproj", "{4ED9DBE3-25C0-4B48-85B2-8A52813B4CB6}"
EndProject
Project("{8BC9CEB8-8B4A-11D0-8D11-00A0C91BC942}") = "stream_type", "stream_type.vcxproj", "{00F834B4-85F0-4271-9D34-F10C9DEDC355}"
EndProject
Project("{8BC9CEB8-8B4A-11D0-8D11-00A0C91BC942}") = "test_pes", "test_pes.vcxproj", "{9F64E8B9-5A39-424B-8724-8A5BE34C8B85}"
EndProject
Project("{8BC9CEB8-8B4A-11D0-8D11-00A0C91BC942}") = "ts_packet_insert", "ts_packet_insert.vcxproj", "{FBD9EBEA-77DB-47A2-9B79-2FD6F7C965F0}"
EndProject
Project("{8BC9CEB8-8B4A-11D0-8D11-00A0C91BC942}") = "ts2es", "ts2es.vcxproj", "{85473A91-7499-4F70-AF88-197714E8D102}"
EndProject
Project("{8BC9CEB8-8B4A-11D0-8D11-00A0C91BC942}") = "ts2ps", "ts2ps.vcxproj", "{4960E610-EA46-4FC4-9D33-561F65313C6E}"
EndProject
Project("{8BC9CEB8-8B4A-11D0-8D11-00A0C91BC942}") = "tsdvbsub", "tsdvbsub.vcxproj", "{CF3D494F-F9AC-4C3E-9EED-6D57383FC78F}"
EndProject
Project("{8BC9CEB8-8B4A-11D0-8D11-00A0C91BC942}") = "tsinfo", "tsinfo.vcxproj", "{7E10A152-B82C-4B9E-B40D-97F58EB52DE8}"
EndProject
Project("{8BC9CEB8-8B4A-11D0-8D11-00A0C91BC942}") = "tsreport", "tsreport.vcxproj", "{C3CF6B32-6A2B-4C49-BE31-E1C48574D51A}"
EndProject
Project("{8BC9CEB8-8B4A-11D0-8D11-00A0C91BC942}") = "tsserve", "tsserve.vcxproj", "{98326B87-8C72-4BAC-86AF-5AE1B39B35D5}"
EndProject
Global
	GlobalSection(SolutionConfigurationPlatforms) = preSolution
		Debug|x64 = Debug|x64
		Debug|x86 = Debug|x86
		Release|x64 = Release|x64
		Release|x86 = Release|x86
	EndGlobalSection
	GlobalSection(ProjectConfigurationPlatforms) = postSolution
		{76E34A05-A9B9-47A5-8C42-3897AA59DE02}.Debug|x64.ActiveCfg = Debug|x64
		{76E34A05-A9B9-47A5-8C42-3897AA59DE02}.Debug|x64.Build.0 = Debug|x64
		{76E34A05-A9B9-47A5-8C42-3897AA59DE02}.Debug|x86.ActiveCfg = Debug|Win32
		{76E34A05-A9B9-47A5-8C42-3897AA59DE02}.Debug|x86.Build.0 = Debug|Win32
		{76E34A05-A9B9-47A5-8C42-3897AA59DE02}.Release|x64.ActiveCfg = Release|x64
		{76E34A05-A9B9-47A5-8C42-3897AA59DE02}.Release|x64.Build.0 = Release|x64
		{76E34A05-A9B9-47A5-8C42-3897AA59DE02}.Release|x86.ActiveCfg = Release|Win32
		{76E34A05-A9B9-47A5-8C42-3897AA59DE02}.Release|x86.Build.0 = Release|Win32
		{DD16E11D-8F19-4105-856E-A9E353B9F470}.Debug|x64.ActiveCfg = Debug|x64
		{DD16E11D-8F19-4105-856E-A9E353B9F470}.Debug|x64.Build.0 = Debug|x64
		{DD16E11D-8F19-4105-856E-A9E353B9F470}.Debug|x86.ActiveCfg = Debug|Win32
		{DD16E11D-8F19-4105-856E-A9E353B9F470}.Debug|x86.Build.0 = Debug|Win32
		{DD16E11D-8F19-4105-856E-A9E353B9F470}.Release|x64.ActiveCfg = Release|x64
		{DD16E11D-8F19-4105-856E-A9E353B9F470}.Release|x64.Build.0 = Release|x64
		{DD16E11D-8F19-4105-856E-A9E353B9F470}.Release|x86.ActiveCfg = Release|Win32
		{DD16E11D-8F19-4105-856E-A9E353B9F470}.Release|x86.Build.0 = Release|Win32
		{0170B89B-7F2D-4628-A735-4DD8F74CEE81}.Debug|x64.ActiveCfg = Debug|x64
		{0170B89B-7F2D-4628-A735-4DD8F74CEE81}.Debug|x64.Build.0 = Debug|x64
		{0170B89B-7F2D-4628-A735-4DD8F74CEE81}.Debug|x86.ActiveCfg = Debug|Win32
		{0170B89B-7F2D-4628-A735-4DD8F74CEE81}.Debug|x86.Build.0 = Debug|Win32
		{0170B89B-7F2D-4628-A735-4DD8F74CEE81}.Release|x64.ActiveCfg = Release|x64
		{0170B89B-7F2D-4628-A735-4DD8F74CEE81}.Release|x64.Build.0 = Release|x64
		{0170B89B-7F2D-4628-A735-4DD8F74CEE81}.Release|x86.ActiveCfg = Release|Win32
		{0170B89B-7F2D-4628-A735-4DD8F74CEE81}.Release|x86.Build.0 = Release|Win32
		{3E2A9D16-709E-43B6-9669-71A04AD1FDED}.Debug|x64.ActiveCfg = Debug|x64
		{3E2A9D16-709E-43B6-9669-71A04AD1FDED}.Debug|x64.Build.0 = Debug|x64
		{3E2A9D16-709E-43B6-9669-71A04AD1FDED}.Debug|x86.ActiveCfg = Debug|Win32
		{3E2A9D16-709E-43B6-9669-71A04AD1FDED}.Debug|x86.Build.0 = Debug|Win32
		{3E2A9D16-709E-43B6-9669-71A04AD1FDED}.Release|x64.ActiveCfg = Release|x64
		{3E2A9D16-709E-43B6-9669-71A04AD1FDED}.Release|x64.Build.0 = Release|x64
		{3E2A9D16-709E-43B6-9669-71A04AD1FDED}.Release|x86.ActiveCfg = Release|Win32
		{3E2A9D16-709E-43B6-9669-71A04AD1FDED}.Release|x86.Build.0 = Release|Win32
		{2D0C712F-44CC-4EFA-A7C3-12AC98543290}.Debug|x64.ActiveCfg = Debug|x64
		{2D0C712F-44CC-4EFA-A7C3-12AC98543290}.Debug|x64.Build.0 = Debug|x64
		{2D0C712F-44CC-4EFA-A7C3-12AC98543290}.Debug|x86.ActiveCfg = Debug|Win32
		{2D0C712F-44CC-4EFA-A7C3-12AC98543290}.Debug|x86.Build.0 = Debug|Win32
		{2D0C712F-44CC-4EFA-A7C3-12AC98543290}.Release|x64.ActiveCfg = Release|x64
		{2D0C712F-44CC-4EFA-A7C3-12AC98543290}.Release|x64.Build.0 = Release|x64
		{2D0C712F-44CC-4EFA-A7C3-12AC98543290}.Release|x86.ActiveCfg = Release|Win32
		{2D0C712F-44CC-4EFA-A7C3-12AC98543290}.Release|x86.Build.0 = Release|Win32
		{2A092936-0E55-4B07-966A-869524CBAA87}.Debug|x64.ActiveCfg = Debug|x64
		{2A092936-0E55-4B07-966A-869524CBAA87}.Debug|x64.Build.0 = Debug|x64
		{2A092936-0E55-4B07-966A-869524CBAA87}.Debug|x86.ActiveCfg = Debug|Win32
		{2A092936-0E55-4B07-966A-869524CBAA87}.Debug|x86.Build.0 = Debug|Win32
		{2A092936-0E55-4B07-966A-869524CBAA87}.Release|x64.ActiveCfg = Release|x64
		{2A092936-0E55-4B07-966A-869524CBAA87}.Release|x64.Build.0 = Release|x64
		{2A092936-0E55-4B07-966A-869524CBAA87}.Release|x86.ActiveCfg = Release|Win32
		{2A092936-0E55-4B07-966A-869524CBAA87}.Release|x86.Build.0 = Release|Win32
		{D6691C08-2BDE-47B1-A9A1-4435C153153A}.Debug|x64.ActiveCfg = Debug|x64
		{D6691C08-2BDE-47B1-A9A1-4435C153153A}.Debug|x64.Build.0 = Debug|x64
		{D6691C08-2BDE-47B1-A9A1-4435C153153A}.Debug|x86.ActiveCfg = Debug|Win32
		{D6691C08-2BDE-47B1-A9A1-4435C153153A}.Debug|x86.Build.0 = Debug|Win32
		{D6691C08-2BDE-47B1-A9A1-4435C153153A}.Release|x64.ActiveCfg = Release|x64
		{D6691C08-2BDE-47B1-A9A1-4435C153153A}.Release|x64.Build.0 = Release|x64
		{D6691C08-2BDE-47B1-A9A1-4435C153153A}.Release|x86.ActiveCfg = Release|Win32
		{D6691C08-2BDE-47B1-A9A1-4435C153153A}.Release|x86.Build.0 = Release|Win32
		{750F4C8E-D9A4-4E11-B35B-68DF2D2F57B3}.Debug|x64.ActiveCfg = Debug|x64
		{750F4C8E-D9A4-4E11-B35B-68DF2D2F57B3}.Debug|x64.Build.0 = Debug|x64
		{750F4C8E-D9A4-4E11-B35B-68DF2D2F57B3}.Debug|x86.ActiveCfg = Debug|Win32
		{750F4C8E-D9A4-4E11-B35B-68DF2D2F57B3}.Debug|x86.Build.0 = Debug|Win32
		{750F4C8E-D9A4-4E11-B35B-68DF2D2F57B3}.Release|x64.ActiveCfg = Release|x64
		{750F4C8E-D9A4-4E11-B35B-68DF2D2F57B3}.Release|x64.Build.0 = Release|x64
		{750F4C8E-D9A4-4E11-B35B-68DF2D2F57B3}.Release|x86.ActiveCfg = Release|Win32
		{750F4C8E-D9A4-4E11-B35B-68DF2D2F57B3}.Release|x86.Build.0 = Release|Win32
		{254F9440-F27F-4E4E-9690-26C600C28FA4}.Debug|x64.ActiveCfg = Debug|x64
		{254F9440-F27F-4E4E-9690-26C600C28FA4}.Debug|x64.Build.0 = Debug|x64
		{254F9440-F27F-4E4E-9690-26C600C28FA4}.Debug|x86.ActiveCfg = Debug|Win32
		{254F9440-F27F-4E4E-9690-26C600C28FA4}.Debug|x86.Build.0 = Debug|Win32
		{254F9440-F27F-4E4E-9690-26C600C28FA4}.Release|x64.ActiveCfg = Release|x64
		{254F9440-F27F-4E4E-9690-26C600C28FA4}.Release|x64.Build.0 = Release|x64
		{254F9440-F27F-4E4E-9690-26C600C28FA4}.Release|x86.ActiveCfg = Release|Win32
		{254F9440-F27F-4E4E-9690-26C600C28FA4}.Release|x86.Build.0 = Release|Win32
		{A3EA3773-E471-43BE-8FBA-29781C6BB031}.Debug|x64.ActiveCfg = Debug|x64
		{A3EA3773-E471-43BE-8FBA-29781C6BB031}.Debug|x64.Build.0 = Debug|x64
		{A3EA3773-E471-43BE-8FBA-29781C6BB031}.Debug|x86.ActiveCfg = Debug|Win32
		{A3EA3773-E471-43BE-8FBA-29781C6BB031}.Debug|x86.Build.0 = Debug|Win32
		{A3EA3773-E471-43BE-8FBA-29781C6BB031}.Release|x64.ActiveCfg = Release|x64
		{A3EA3773-E471-43BE-8FBA-29781C6BB031}.Release|x64.Build.0 = Release|x64
		{A3EA3773-E471-43BE-8FBA-29781C6BB031}.Release|x86.ActiveCfg = Release|Win32
		{A3EA3773-E471-43BE-8FBA-29781C6BB031}.Release|x86.Build.0 = Release|Win32
		{20E86EA5-A6DD-4B9A-AE68-7B72AD32000F}.Debug|x64.ActiveCfg = Debug|x64
		{20E86EA5-A6DD-4B9A-AE68-7B72AD32000F}.Debug|x64.Build.0 = Debug|x64
		{20E86EA5-A6DD-4B9A-AE68-7B72AD32000F}.Debug|x86.ActiveCfg = Debug|Win32
		{20E86EA5-A6DD-4B9A-AE68-7B72AD32000F}.Debug|x86.Build.0 = Debug|Win32
		{20E86EA5-A6DD-4B9A-AE68-7B72AD32000F}.Release|x64.ActiveCfg = Release|x64
		{20E86EA5-A6DD-4B9A-AE68-7B72AD32000F}.Release|x64.Build.0 = Release|x64
		{20E86EA5-A6DD-4B9A-AE68-7B72AD32000F}.Release|x86.ActiveCfg = Release|Win32
		{20E86EA5-A6DD-4B9A-AE68-7B72AD32000F}.Release|x86.Build.0 = Release|Win32
		{959D8DC0-0BE2-4944-A96C-075B0C1ED30A}.Debug|x64.ActiveCfg = Debug|x64
		{959D8DC0-0BE2-4944-A96C-075B0C1ED30A}.Debug|x64.Build.0 = Debug|x64
		{959D8DC0-0BE2-4944-A96C-075B0C1ED30A}.Debug|x86.ActiveCfg = Debug|Win32
		{959D8DC0-0BE2-4944-A96C-075B0C1ED30A}.Debug|x86.Build.0 = Debug|Win32
		{959D8DC0-0BE2-4944-A96C-075B0C1ED30A}.Release|x64.ActiveCfg = Release|x64
		{959D8DC0-0BE2-4944-A96C-075B0C1ED30A}.Release|x64.Build.0 = Release|x64
		{959D8DC0-0BE2-4944-A96C-075B0C1ED30A}.Release|x86.ActiveCfg = Release|Win32
		{959D8DC0-0BE2-4944-A96C-075B0C1ED30A}.Release|x86.Build.0 = Release|Win32
		{375212CE-13E8-4807-BD48-51AAC683535E}.Debug|x64.ActiveCfg = Debug|x64
		{375212CE-13E8-4807-BD48-51AAC683535E}.Debug|x64.Build.0 = Debug|x64
		{375212CE-13E8-4807-BD48-51AAC683535E}.Debug|x86.ActiveCfg = Debug|Win32
		{375212CE-13E8-4807-BD48-51AAC683535E}.Debug|x86.Build.0 = Debug|Win32
		{375212CE-13E8-4807-BD48-51AAC683535E}.Release|x64.ActiveCfg = Release|x64
		{375212CE-13E8-4807-BD48-51AAC683535E}.Release|x64.Build.0 = Release|x64
		{375212CE-13E8-4807-BD48-51AAC683535E}.Release|x86.ActiveCfg = Release|Win32
		{375212CE-13E8-4807-BD48-51AAC683535E}.Release|x86.Build.0 = Release|Win32
		{4ED9DBE3-25C0-4B48-85B2-8A52813B4CB6}.Debug|x64.ActiveCfg = Debug|x64
		{4ED9DBE3-25C0-4B48-85B2-8A52813B4CB6}.Debug|x64.Build.0 = Debug|x64
		{4ED9DBE3-25C0-4B48-85B2-8A52813B4CB6}.Debug|x86.ActiveCfg = Debug|Win32
		{4ED9DBE3-25C0-4B48-85B2-8A52813B4CB6}.Debug|x86.Build.0 = Debug|Win32
		{4ED9DBE3-25C0-4B48-85B2-8A52813B4CB6}.Release|x64.ActiveCfg = Release|x64
		{4ED9DBE3-25C0-4B48-85B2-8A52813B4CB6}.Release|x64.Build.0 = Release|x64
		{4ED9DBE3-25C0-4B48-85B2-8A52813B4CB6}.Release|x86.ActiveCfg = Release|Win32
		{4ED9DBE3-25C0-4B48-85B2-8A52813B4CB6}.Release|x86.Build.0 = Release|Win32
		{00F834B4-85F0-4271-9D34-F10C9DEDC355}.Debug|x64.ActiveCfg = Debug|x64
		{00F834B4-85F0-4271-9D34-F10C9DEDC355}.Debug|x64.Build.0 = Debug|x64
		{00F834B4-85F0-4271-9D34-F10C9DEDC355}.Debug|x86.ActiveCfg = Debug|Win32
		{00F834B4-85F0-4271-9D34-F10C9DEDC355}.Debug|x86.Build.0 = Debug|Win32
		{00F834B4-85F0-4271-9D34-F10C9DEDC355}.Release|x64.ActiveCfg = Release|x64
		{00F834B4-85F0-4271-9D34-F10C9DEDC355}.Release|x64.Build.0 = Release|x64
		{00F834B4-85F0-4271-9D34-F10C9DEDC355}.Release|x86.ActiveCfg = Release|Win32
		{00F834B4-85F0-4271-9D34-F10C9DEDC355}.Release|x86.Build.0 = Release|Win32
		{9F64E8B9-5A39-424B-8724-8A5BE34C8B85}.Debug|x64.ActiveCfg = Debug|x64
		{9F64E8B9-5A39-424B-8724-8A5BE34C8B85}.Debug|x64.Build.0 = Debug|x64
		{9F64E8B9-5A39-424B-8724-8A5BE34C8B85}.Debug|x86.ActiveCfg = Debug|Win32
		{9F64E8B9-5A39-424B-8724-8A5BE34C8B85}.Debug|x86.Build.0 = Debug|Win32
		{9F64E8B9-5A39-424B-8724-8A5BE34C8B85}.Release|x64.ActiveCfg = Release|x64
		{9F64E8B9-5A39-424B-8724-8A5BE34C8B85}.Release|x64.Build.0 = Release|x64
		{9F64E8B9-5A39-424B-8724-8A5BE34C8B85}.Release|x86.ActiveCfg = Release|Win32
		{9F64E8B9-5A39-424B-8724-8A5BE34C8B85}.Release|x86.Build.0 = Release|Win32
		{FBD9EBEA-77DB-47A2-9B79-2FD6F7C965F0}.Debug|x64.ActiveCfg = Debug|x64
		{FBD9EBEA-77DB-47A2-9B79-2FD6F7C965F0}.Debug|x64.Build.0 = Debug|x64
		{FBD9EBEA-77DB-47A2-9B79-2FD6F7C965F0}.Debug|x86.ActiveCfg = Debug|Win32
		{FBD9EBEA-77DB-47A2-9B79-2FD6F7C965F0}.Debug|x86.Build.0 = Debug|Win32
		{FBD9EBEA-77DB-47A2-9B79-2FD6F7C965F0}.Release|x64.ActiveCfg = Release|x64
		{FBD9EBEA-77DB-47A2-9B79-2FD6F7C965F0}.Release|x64.Build.0 = Release|x64
		{FBD9EBEA-77DB-47A2-9B79-2FD6F7C965F0}.Release|x86.ActiveCfg = Release|Win32
		{FBD9EBEA-77DB-47A2-9B79-2FD6F7C965F0}.Release|x86.Build.0 = Release|Win32
		{85473A91-7499-4F70-AF88-197714E8D102}.Debug|x64.ActiveCfg = Debug|x64
		{85473A91-7499-4F70-AF88-197714E8D102}.Debug|x64.Build.0 = Debug|x64
		{85473A91-7499-4F70-AF88-197714E8D102}.Debug|x86.ActiveCfg = Debug|Win32
		{85473A91-7499-4F70-AF88-197714E8D102}.Debug|x86.Build.0 = Debug|Win32
		{85473A91-7499-4F70-AF88-197714E8D102}.Release|x64.ActiveCfg = Release|x64
		{85473A91-7499-4F70-AF88-197714E8D102}.Release|x64.Build.0 = Release|x64
		{85473A91-7499-4F70-AF88-197714E8D102}.Release|x86.ActiveCfg = Release|Win32
		{85473A91-7499-4F70-AF88-197714E8D102}.Release|x86.Build.0 = Release|Win32
		{4960E610-EA46-4FC4-9D33-561F65313C6E}.Debug|x64.ActiveCfg = Debug|x64
		{4960E610-EA46-4FC4-9D33-561F65313C6E}.Debug|x64.Build.0 = Debug|x64
		{4960E610-EA46-4FC4-9D33-561F65313C6E}.Debug|x86.ActiveCfg = Debug|Win32
		{4960E610-EA46-4FC4-9D33-561F65313C6E}.Debug|x86.Build.0 = Debug|Win32
		{4960E610-EA46-4FC4-9D33-561F65313C6E}.Release|x64.ActiveCfg = Release|x64
		{4960E610-EA46-4FC4-9D33-561F65313C6E}.Release|x64.Build.0 = Release|x64
		{4960E610-EA46-4FC4-9D33-561F65313C6E}.Release|x86.ActiveCfg = Release|Win32
		{4960E610-EA46-4FC4-9D33-561F65313C6E}.Release|x86.Build.0 = Release|Win32
		{CF3D494F-F9AC-4C3E-9EED-6D57383FC78F}.Debug|x64.ActiveCfg = Debug|x64
		{CF3D494F-F9AC-4C3E-9EED-6D57383FC78F}.Debug|x64.Build.0 = Debug|x64
		{CF3D494F-F9AC-4C3E-9EED-6D57383FC78F}.Debug|x86.ActiveCfg = Debug|Win32
		{CF3D494F-F9AC-4C3E-9EED-6D57383FC78F}.Debug|x86.Build.0 = Debug|Win32
		{CF3D494F-F9AC-4C3E-9EED-6D57383FC78F}.Release|x64.ActiveCfg = Release|x64
		{CF3D494F-F9AC-4C3E-9EED-6D57383FC78F}.Release|x64.Build.0 = Release|x64
		{CF3D494F-F9AC-4C3E-9EED-6D57383FC78F}.Release|x86.ActiveCfg = Release|Win32
		{CF3D494F-F9AC-4C3E-9EED-6D57383FC78F}.Release|x86.Build.0 = Release|Win32
		{7E10A152-B82C-4B9E-B40D-97F58EB52DE8}.Debug|x64.ActiveCfg = Debug|x64
		{7E10A152-B82C-4B9E-B40D-97F58EB52DE8}.Debug|x64.Build.0 = Debug|x64
		{7E10A152-B82C-4B9E-B40D-97F58EB52DE8}.Debug|x86.ActiveCfg = Debug|Win32
		{7E10A152-B82C-4B9E-B40D-97F58EB52DE8}.Debug|x86.Build.0 = Debug|Win32
		{7E10A152-B82C-4B9E-B40D-97F58EB52DE8}.Release|x64.ActiveCfg = Release|x64
		{7E10A152-B82C-4B9E-B40D-97F58EB52DE8}.Release|x64.Build.0 = Release|x64
		{7E10A152-B82C-4B9E-B40D-97F58EB52DE8}.Release|x86.ActiveCfg = Release|Win32
		{7E10A152-B82C-4B9E-B40D-97F58EB52DE8}.Release|x86.Build.0 = Release|Win32
		{C3CF6B32-6A2B-4C49-BE31-E1C48574D51A}.Debug|x64.ActiveCfg = Debug|x64
		{C3CF6B32-6A2B-4C49-BE31-E1C48574D51A}.Debug|x64.Build.0 = Debug|x64
		{C3CF6B32-6A2B-4C49-BE31-E1C48574D51A}.Debug|x86.ActiveCfg = Debug|Win32
		{C3CF6B32-6A2B-4C49-BE31-E1C48574D51A}.Debug|x86.Build.0 = Debug|Win32
		{C3CF6B32-6A2B-4C49-BE31-E1C48574D51A}.Release|x64.ActiveCfg = Release|x64
		{C3CF6B32-6A2B-4C49-BE31-E1C48574D51A}.Release|x64.Build.0 = Release|x64
		{C3CF6B32-6A2B-4C49-BE31-E1C48574D51A}.Release|x86.ActiveCfg = Release|Win32
		{C3CF6B32-6A2B-4C49-BE31-E1C48574D51A}.Release|x86.Build.0 = Release|Win32
		{98326B87-8C72-4BAC-86AF-5AE1B39B35D5}.Debug|x64.ActiveCfg = Debug|x64
		{98326B87-8C72-4BAC-86AF-5AE1B39B35D5}.Debug|x64.Build.0 = Debug|x64
		{98326B87-8C72-4BAC-86AF-5AE1B39B35D5}.Debug|x86.ActiveCfg = Debug|Win32
		{98326B87-8C72-4BAC-86AF-5AE1B39B35D5}.Debug|x86.Build.0 = Debug|Win32
		{98326B87-8C72-4BAC-86AF-5AE1B39B35D5}.Release|x64.ActiveCfg = Release|x64
		{98326B87-8C72-4BAC-86AF-5AE1B39B35D5}.Release|x64.Build.0 = Release|x64
		{98326B87-8C72-4BAC-86AF-5AE1B39B35D5}.Release|x86.ActiveCfg = Release|Win32
		{98326B87-8C72-4BAC-86AF-5AE1B39B35D5}.Release|x86.Build.0 = Release|Win32
	EndGlobalSection
	GlobalSection(SolutionProperties) = preSolution
		HideSolutionNode = FALSE
	EndGlobalSection
	GlobalSection(ExtensibilityGlobals) = postSolution
		SolutionGuid = {1DC04524-476A-4FAA-B638-B16D4E706627}
	EndGlobalSection
EndGlobal
